
Microsoft Visual Studio Solution File, Format Version 12.00
# Visual Studio Version 16
VisualStudioVersion = 16.0.30225.117
MinimumVisualStudioVersion = 10.0.40219.1
Project("{FAE04EC0-301F-11D3-BF4B-00C04F79EFBC}") = "ConsoleApp3", "ConsoleApp3\ConsoleApp3.csproj", "{FF00E5F7-4F69-4256-95C3-09E815B2DA96}"
EndProject
Project("{FAE04EC0-301F-11D3-BF4B-00C04F79EFBC}") = "ConsoleApp1", "ConsoleApp1\ConsoleApp1.csproj", "{6FA42A7D-FCBD-4EA1-8821-B16164412BDB}"
EndProject
Project("{FAE04EC0-301F-11D3-BF4B-00C04F79EFBC}") = "ConsoleApp2", "ConsoleApp2\ConsoleApp2.csproj", "{A315F211-A79C-4E06-91C9-EF7D335A8CFF}"
EndProject
Global
	GlobalSection(SolutionConfigurationPlatforms) = preSolution
		Debug|Any CPU = Debug|Any CPU
		Release|Any CPU = Release|Any CPU
	EndGlobalSection
	GlobalSection(ProjectConfigurationPlatforms) = postSolution
		{FF00E5F7-4F69-4256-95C3-09E815B2DA96}.Debug|Any CPU.ActiveCfg = Debug|Any CPU
		{FF00E5F7-4F69-4256-95C3-09E815B2DA96}.Debug|Any CPU.Build.0 = Debug|Any CPU
		{FF00E5F7-4F69-4256-95C3-09E815B2DA96}.Release|Any CPU.ActiveCfg = Release|Any CPU
		{FF00E5F7-4F69-4256-95C3-09E815B2DA96}.Release|Any CPU.Build.0 = Release|Any CPU
		{6FA42A7D-FCBD-4EA1-8821-B16164412BDB}.Debug|Any CPU.ActiveCfg = Debug|Any CPU
		{6FA42A7D-FCBD-4EA1-8821-B16164412BDB}.Debug|Any CPU.Build.0 = Debug|Any CPU
		{6FA42A7D-FCBD-4EA1-8821-B16164412BDB}.Release|Any CPU.ActiveCfg = Release|Any CPU
		{6FA42A7D-FCBD-4EA1-8821-B16164412BDB}.Release|Any CPU.Build.0 = Release|Any CPU
		{A315F211-A79C-4E06-91C9-EF7D335A8CFF}.Debug|Any CPU.ActiveCfg = Debug|Any CPU
		{A315F211-A79C-4E06-91C9-EF7D335A8CFF}.Debug|Any CPU.Build.0 = Debug|Any CPU
		{A315F211-A79C-4E06-91C9-EF7D335A8CFF}.Release|Any CPU.ActiveCfg = Release|Any CPU
		{A315F211-A79C-4E06-91C9-EF7D335A8CFF}.Release|Any CPU.Build.0 = Release|Any CPU
	EndGlobalSection
	GlobalSection(SolutionProperties) = preSolution
		HideSolutionNode = FALSE
	EndGlobalSection
	GlobalSection(ExtensibilityGlobals) = postSolution
		SolutionGuid = {A1BC1ACA-9A00-4482-919C-FA153FCB41D4}
	EndGlobalSection
EndGlobal
